# @generated - this file is auto-generated by `mise lock` https://mise.jdx.dev/dev-tools/mise-lock.html

lockfile_version = 1

[[tools.colima]]
version = "0.10.3"
backend = "aqua:abiosoft/colima"
specifiers = ["latest"]

[tools.colima."platforms.linux-arm64"]
checksum = "sha256:ebb69208007484ac36b8a6ba72a797189b0daa88f8b31bc2b563e82b9c91cb70"
url = "https://github.com/abiosoft/colima/releases/download/v0.10.3/colima-Linux-aarch64"
url_api = "https://api.github.com/repos/abiosoft/colima/releases/assets/438456730"

[tools.colima."platforms.macos-arm64"]
checksum = "sha256:980ad8bf61a4ca370243f4cb41401a61276dcd2c2502bee7b9b86f9250169f34"
url = "https://github.com/abiosoft/colima/releases/download/v0.10.3/colima-Darwin-arm64"
url_api = "https://api.github.com/repos/abiosoft/colima/releases/assets/438456725"

[[tools.docker-cli]]
version = "29.8.0"
backend = "aqua:docker/cli"
specifiers = ["latest"]

[tools.docker-cli."platforms.linux-arm64"]
url = "https://download.docker.com/linux/static/stable/aarch64/docker-29.8.0.tgz"

[tools.docker-cli."platforms.macos-arm64"]
checksum = "blake3:6b6057902cbdfc710357be3f350ce0a0e3b054c7ca659808d703ff3fd020acaf"
url = "https://download.docker.com/mac/static/stable/aarch64/docker-29.8.0.tgz"

[[tools.lima]]
version = "2.2.0"
backend = "aqua:lima-vm/lima"
specifiers = ["latest"]

[tools.lima."platforms.linux-arm64"]
checksum = "sha256:7c6a09c6844f55f811e9b7b2b60a6070a512c696c8ec752dfdb3c8ed50ed0364"
url = "https://github.com/lima-vm/lima/releases/download/v2.2.0/lima-2.2.0-Linux-aarch64.tar.gz"
url_api = "https://api.github.com/repos/lima-vm/lima/releases/assets/484813992"
provenance = "github-attestations"

[tools.lima."platforms.macos-arm64"]
checksum = "sha256:bbdef91774885a0d05f7b048c4eb89ae2bcf3a0c252ae7ca7934e63df76d93c3"
url = "https://github.com/lima-vm/lima/releases/download/v2.2.0/lima-2.2.0-Darwin-arm64.tar.gz"
url_api = "https://api.github.com/repos/lima-vm/lima/releases/assets/484813994"
provenance = "github-attestations"
